// !$*UTF8*$!
{
	archiveVersion = 1;
	classes = {
	};
	objectVersion = 46;
	objects = {

/* Begin PBXBuildFile section */
		5B3DFF651630267D00C26327 /* JSONTestPropertyMapper2.txt in Resources */ = {isa = PBXBuildFile; fileRef = 5B3DFF641630267D00C26327 /* JSONTestPropertyMapper2.txt */; };
		5B49E09616291912007AD7F6 /* EBDescribedObject.h in Headers */ = {isa = PBXBuildFile; fileRef = 5B49E09416291912007AD7F6 /* EBDescribedObject.h */; settings = {ATTRIBUTES = (Public, ); }; };
		5B49E09716291912007AD7F6 /* EBDescribedObject.m in Sources */ = {isa = PBXBuildFile; fileRef = 5B49E09516291912007AD7F6 /* EBDescribedObject.m */; };
		5B49E09B162919A6007AD7F6 /* EBDescribedObjectTests.m in Sources */ = {isa = PBXBuildFile; fileRef = 5B49E09A162919A6007AD7F6 /* EBDescribedObjectTests.m */; };
		5B49E0CA16297CA5007AD7F6 /* EBInfo.h in Headers */ = {isa = PBXBuildFile; fileRef = 5B49E0C916297CA5007AD7F6 /* EBInfo.h */; settings = {ATTRIBUTES = (Public, ); }; };
		5B49E0D1162984E3007AD7F6 /* EBGitVersion.h in Headers */ = {isa = PBXBuildFile; fileRef = 5B49E0D0162984E3007AD7F6 /* EBGitVersion.h */; settings = {ATTRIBUTES = (Public, ); }; };
		5B49E0D816298781007AD7F6 /* EBRuntimeUtils.h in Headers */ = {isa = PBXBuildFile; fileRef = 5B49E0D616298781007AD7F6 /* EBRuntimeUtils.h */; settings = {ATTRIBUTES = (Private, ); }; };
		5B49E0D916298781007AD7F6 /* EBRuntimeUtils.m in Sources */ = {isa = PBXBuildFile; fileRef = 5B49E0D716298781007AD7F6 /* EBRuntimeUtils.m */; };
		5B52987B1617783B00B6BD6A /* Foundation.framework in Frameworks */ = {isa = PBXBuildFile; fileRef = 5B52987A1617783B00B6BD6A /* Foundation.framework */; };
		5B5298801617783B00B6BD6A /* EBLibrary.h in CopyFiles */ = {isa = PBXBuildFile; fileRef = 5B52987F1617783B00B6BD6A /* EBLibrary.h */; };
		5B52988A1617783B00B6BD6A /* SenTestingKit.framework in Frameworks */ = {isa = PBXBuildFile; fileRef = 5B5298891617783B00B6BD6A /* SenTestingKit.framework */; };
		5B52988D1617783B00B6BD6A /* Foundation.framework in Frameworks */ = {isa = PBXBuildFile; fileRef = 5B52987A1617783B00B6BD6A /* Foundation.framework */; };
		5B5298901617783B00B6BD6A /* libEBRequest.a in Frameworks */ = {isa = PBXBuildFile; fileRef = 5B5298771617783B00B6BD6A /* libEBRequest.a */; };
		5B5298961617783B00B6BD6A /* InfoPlist.strings in Resources */ = {isa = PBXBuildFile; fileRef = 5B5298941617783B00B6BD6A /* InfoPlist.strings */; };
		5B5298991617783B00B6BD6A /* EBRequestTests.m in Sources */ = {isa = PBXBuildFile; fileRef = 5B5298981617783B00B6BD6A /* EBRequestTests.m */; };
		5B5409EB1617B6D1003E7453 /* EBLibrary.h in Headers */ = {isa = PBXBuildFile; fileRef = 5B52987F1617783B00B6BD6A /* EBLibrary.h */; settings = {ATTRIBUTES = (Public, ); }; };
		5B5409F31617BA9F003E7453 /* EBDataRequest.h in CopyFiles */ = {isa = PBXBuildFile; fileRef = 5BD412BB16179505007A17AA /* EBDataRequest.h */; };
		5B696BA61619FE3200B4A20C /* JSONTest3.txt in Resources */ = {isa = PBXBuildFile; fileRef = 5B696BA51619FE3200B4A20C /* JSONTest3.txt */; };
		5B7AF97F162605C7008FE123 /* EBPropertyMapper.h in Headers */ = {isa = PBXBuildFile; fileRef = 5B7AF97D162605C7008FE123 /* EBPropertyMapper.h */; settings = {ATTRIBUTES = (Public, ); }; };
		5B7AF980162605C7008FE123 /* EBPropertyMapper.m in Sources */ = {isa = PBXBuildFile; fileRef = 5B7AF97E162605C7008FE123 /* EBPropertyMapper.m */; };
		5B7AF98316260DB1008FE123 /* JSONTestPropertyMapper.txt in Resources */ = {isa = PBXBuildFile; fileRef = 5B7AF98216260DB1008FE123 /* JSONTestPropertyMapper.txt */; };
		5B7AF991162617E4008FE123 /* EBPropertyMapper.h in CopyFiles */ = {isa = PBXBuildFile; fileRef = 5B7AF97D162605C7008FE123 /* EBPropertyMapper.h */; };
		5B8A2CC6161A0DD600CB5FBA /* EBRequest.h in Headers */ = {isa = PBXBuildFile; fileRef = 5B8A2CC4161A0DD600CB5FBA /* EBRequest.h */; settings = {ATTRIBUTES = (Public, ); }; };
		5B8A2CC7161A0DD600CB5FBA /* EBRequest.m in Sources */ = {isa = PBXBuildFile; fileRef = 5B8A2CC5161A0DD600CB5FBA /* EBRequest.m */; };
		5B8A2CCB161A15D500CB5FBA /* EBJSONRequest.h in Headers */ = {isa = PBXBuildFile; fileRef = 5B8A2CC9161A15D500CB5FBA /* EBJSONRequest.h */; settings = {ATTRIBUTES = (Public, ); }; };
		5B8A2CCC161A15D500CB5FBA /* EBJSONRequest.m in Sources */ = {isa = PBXBuildFile; fileRef = 5B8A2CCA161A15D500CB5FBA /* EBJSONRequest.m */; };
		5B9E7D2216298B9500FF3B86 /* EBInfo.h in CopyFiles */ = {isa = PBXBuildFile; fileRef = 5B49E0C916297CA5007AD7F6 /* EBInfo.h */; };
		5B9E7D2316298B9500FF3B86 /* EBGitVersion.h in CopyFiles */ = {isa = PBXBuildFile; fileRef = 5B49E0D0162984E3007AD7F6 /* EBGitVersion.h */; };
		5B9E7D2416298B9900FF3B86 /* EBDescribedObject.h in CopyFiles */ = {isa = PBXBuildFile; fileRef = 5B49E09416291912007AD7F6 /* EBDescribedObject.h */; };
		5BC0B2F616182D0600A04A96 /* EBJSONObjectMapper.h in Headers */ = {isa = PBXBuildFile; fileRef = 5BC0B2F416182D0600A04A96 /* EBJSONObjectMapper.h */; settings = {ATTRIBUTES = (Public, ); }; };
		5BC0B2F716182D0600A04A96 /* EBJSONObjectMapper.m in Sources */ = {isa = PBXBuildFile; fileRef = 5BC0B2F516182D0600A04A96 /* EBJSONObjectMapper.m */; };
		5BC0B2FB161844D300A04A96 /* EBJSONObjectMapperTests.m in Sources */ = {isa = PBXBuildFile; fileRef = 5BC0B2FA161844D300A04A96 /* EBJSONObjectMapperTests.m */; };
		5BC0B2FE1618452900A04A96 /* MockPerson.m in Sources */ = {isa = PBXBuildFile; fileRef = 5BC0B2FD1618452900A04A96 /* MockPerson.m */; };
		5BC69A3B161A1C0E00C5DE9F /* EBJSONRequestTests.m in Sources */ = {isa = PBXBuildFile; fileRef = 5BC69A3A161A1C0E00C5DE9F /* EBJSONRequestTests.m */; };
		5BC69A41161A252A00C5DE9F /* EBRequest.h in CopyFiles */ = {isa = PBXBuildFile; fileRef = 5B8A2CC4161A0DD600CB5FBA /* EBRequest.h */; };
		5BC69A42161A253A00C5DE9F /* EBJSONObjectMapper.h in CopyFiles */ = {isa = PBXBuildFile; fileRef = 5BC0B2F416182D0600A04A96 /* EBJSONObjectMapper.h */; };
		5BC69A43161A253D00C5DE9F /* EBJSONRequest.h in CopyFiles */ = {isa = PBXBuildFile; fileRef = 5B8A2CC9161A15D500CB5FBA /* EBJSONRequest.h */; };
		5BCA3CD11618C7B50007E260 /* MockAddress.m in Sources */ = {isa = PBXBuildFile; fileRef = 5BCA3CD01618C7B50007E260 /* MockAddress.m */; };
		5BCA3CD41618C8510007E260 /* JSONTest1.txt in Resources */ = {isa = PBXBuildFile; fileRef = 5BCA3CD31618C8510007E260 /* JSONTest1.txt */; };
		5BCA3CDF1618ECC80007E260 /* JSONTest2.txt in Resources */ = {isa = PBXBuildFile; fileRef = 5BCA3CDE1618ECC80007E260 /* JSONTest2.txt */; };
		5BCF6A111629DA410024C3BC /* EBImageRequest.h in Headers */ = {isa = PBXBuildFile; fileRef = 5BCF6A0F1629DA410024C3BC /* EBImageRequest.h */; settings = {ATTRIBUTES = (Public, ); }; };
		5BCF6A121629DA410024C3BC /* EBImageRequest.m in Sources */ = {isa = PBXBuildFile; fileRef = 5BCF6A101629DA410024C3BC /* EBImageRequest.m */; };
		5BCF6A141629DA720024C3BC /* EBImageRequest.h in CopyFiles */ = {isa = PBXBuildFile; fileRef = 5BCF6A0F1629DA410024C3BC /* EBImageRequest.h */; };
		5BCF6A171629E0710024C3BC /* EBImageRequestTests.m in Sources */ = {isa = PBXBuildFile; fileRef = 5BCF6A161629E0710024C3BC /* EBImageRequestTests.m */; };
		5BCF6A291629EDF00024C3BC /* UIKit.framework in Frameworks */ = {isa = PBXBuildFile; fileRef = 5BD412BF1617A2D8007A17AA /* UIKit.framework */; };
		5BD412BD16179505007A17AA /* EBDataRequest.h in Headers */ = {isa = PBXBuildFile; fileRef = 5BD412BB16179505007A17AA /* EBDataRequest.h */; settings = {ATTRIBUTES = (Public, ); }; };
		5BD412BE16179505007A17AA /* EBDataRequest.m in Sources */ = {isa = PBXBuildFile; fileRef = 5BD412BC16179505007A17AA /* EBDataRequest.m */; };
		5BD412C01617A2D8007A17AA /* UIKit.framework in Frameworks */ = {isa = PBXBuildFile; fileRef = 5BD412BF1617A2D8007A17AA /* UIKit.framework */; settings = {ATTRIBUTES = (Required, ); }; };
/* End PBXBuildFile section */

/* Begin PBXContainerItemProxy section */
		5B52988E1617783B00B6BD6A /* PBXContainerItemProxy */ = {
			isa = PBXContainerItemProxy;
			containerPortal = 5B52986E1617783B00B6BD6A /* Project object */;
			proxyType = 1;
			remoteGlobalIDString = 5B5298761617783B00B6BD6A;
			remoteInfo = EBRequest;
		};
/* End PBXContainerItemProxy section */

/* Begin PBXCopyFilesBuildPhase section */
		5B5298751617783B00B6BD6A /* CopyFiles */ = {
			isa = PBXCopyFilesBuildPhase;
			buildActionMask = 2147483647;
			dstPath = "include/${PRODUCT_NAME}";
			dstSubfolderSpec = 16;
			files = (
				5B5298801617783B00B6BD6A /* EBLibrary.h in CopyFiles */,
				5BCF6A141629DA720024C3BC /* EBImageRequest.h in CopyFiles */,
				5B9E7D2216298B9500FF3B86 /* EBInfo.h in CopyFiles */,
				5B9E7D2316298B9500FF3B86 /* EBGitVersion.h in CopyFiles */,
				5B9E7D2416298B9900FF3B86 /* EBDescribedObject.h in CopyFiles */,
				5BC69A42161A253A00C5DE9F /* EBJSONObjectMapper.h in CopyFiles */,
				5B7AF991162617E4008FE123 /* EBPropertyMapper.h in CopyFiles */,
				5BC69A43161A253D00C5DE9F /* EBJSONRequest.h in CopyFiles */,
				5B5409F31617BA9F003E7453 /* EBDataRequest.h in CopyFiles */,
				5BC69A41161A252A00C5DE9F /* EBRequest.h in CopyFiles */,
			);
			runOnlyForDeploymentPostprocessing = 0;
		};
/* End PBXCopyFilesBuildPhase section */

/* Begin PBXFileReference section */
		5B3DFF641630267D00C26327 /* JSONTestPropertyMapper2.txt */ = {isa = PBXFileReference; fileEncoding = 4; lastKnownFileType = text; path = JSONTestPropertyMapper2.txt; sourceTree = "<group>"; };
		5B49E09416291912007AD7F6 /* EBDescribedObject.h */ = {isa = PBXFileReference; fileEncoding = 4; lastKnownFileType = sourcecode.c.h; path = EBDescribedObject.h; sourceTree = "<group>"; };
		5B49E09516291912007AD7F6 /* EBDescribedObject.m */ = {isa = PBXFileReference; fileEncoding = 4; lastKnownFileType = sourcecode.c.objc; path = EBDescribedObject.m; sourceTree = "<group>"; };
		5B49E099162919A6007AD7F6 /* EBDescribedObjectTests.h */ = {isa = PBXFileReference; fileEncoding = 4; lastKnownFileType = sourcecode.c.h; path = EBDescribedObjectTests.h; sourceTree = "<group>"; };
		5B49E09A162919A6007AD7F6 /* EBDescribedObjectTests.m */ = {isa = PBXFileReference; fileEncoding = 4; lastKnownFileType = sourcecode.c.objc; path = EBDescribedObjectTests.m; sourceTree = "<group>"; };
		5B49E0C916297CA5007AD7F6 /* EBInfo.h */ = {isa = PBXFileReference; fileEncoding = 4; lastKnownFileType = sourcecode.c.h; path = EBInfo.h; sourceTree = "<group>"; };
		5B49E0D0162984E3007AD7F6 /* EBGitVersion.h */ = {isa = PBXFileReference; fileEncoding = 4; lastKnownFileType = sourcecode.c.h; path = EBGitVersion.h; sourceTree = "<group>"; };
		5B49E0D616298781007AD7F6 /* EBRuntimeUtils.h */ = {isa = PBXFileReference; fileEncoding = 4; lastKnownFileType = sourcecode.c.h; path = EBRuntimeUtils.h; sourceTree = "<group>"; };
		5B49E0D716298781007AD7F6 /* EBRuntimeUtils.m */ = {isa = PBXFileReference; fileEncoding = 4; lastKnownFileType = sourcecode.c.objc; path = EBRuntimeUtils.m; sourceTree = "<group>"; };
		5B5298771617783B00B6BD6A /* libEBRequest.a */ = {isa = PBXFileReference; explicitFileType = archive.ar; includeInIndex = 0; path = libEBRequest.a; sourceTree = BUILT_PRODUCTS_DIR; };
		5B52987A1617783B00B6BD6A /* Foundation.framework */ = {isa = PBXFileReference; lastKnownFileType = wrapper.framework; name = Foundation.framework; path = System/Library/Frameworks/Foundation.framework; sourceTree = SDKROOT; };
		5B52987E1617783B00B6BD6A /* EBRequest-Prefix.pch */ = {isa = PBXFileReference; lastKnownFileType = sourcecode.c.h; path = "EBRequest-Prefix.pch"; sourceTree = "<group>"; };
		5B52987F1617783B00B6BD6A /* EBLibrary.h */ = {isa = PBXFileReference; lastKnownFileType = sourcecode.c.h; path = EBLibrary.h; sourceTree = "<group>"; };
		5B5298881617783B00B6BD6A /* EBRequestTests.octest */ = {isa = PBXFileReference; explicitFileType = wrapper.cfbundle; includeInIndex = 0; path = EBRequestTests.octest; sourceTree = BUILT_PRODUCTS_DIR; };
		5B5298891617783B00B6BD6A /* SenTestingKit.framework */ = {isa = PBXFileReference; lastKnownFileType = wrapper.framework; name = SenTestingKit.framework; path = Library/Frameworks/SenTestingKit.framework; sourceTree = DEVELOPER_DIR; };
		5B5298931617783B00B6BD6A /* EBRequestTests-Info.plist */ = {isa = PBXFileReference; lastKnownFileType = text.plist.xml; path = "EBRequestTests-Info.plist"; sourceTree = "<group>"; };
		5B5298951617783B00B6BD6A /* en */ = {isa = PBXFileReference; lastKnownFileType = text.plist.strings; name = en; path = en.lproj/InfoPlist.strings; sourceTree = "<group>"; };
		5B5298971617783B00B6BD6A /* EBRequestTests.h */ = {isa = PBXFileReference; lastKnownFileType = sourcecode.c.h; path = EBRequestTests.h; sourceTree = "<group>"; };
		5B5298981617783B00B6BD6A /* EBRequestTests.m */ = {isa = PBXFileReference; lastKnownFileType = sourcecode.c.objc; path = EBRequestTests.m; sourceTree = "<group>"; };
		5B696BA51619FE3200B4A20C /* JSONTest3.txt */ = {isa = PBXFileReference; fileEncoding = 4; lastKnownFileType = text; path = JSONTest3.txt; sourceTree = "<group>"; };
		5B7AF97D162605C7008FE123 /* EBPropertyMapper.h */ = {isa = PBXFileReference; fileEncoding = 4; lastKnownFileType = sourcecode.c.h; path = EBPropertyMapper.h; sourceTree = "<group>"; };
		5B7AF97E162605C7008FE123 /* EBPropertyMapper.m */ = {isa = PBXFileReference; fileEncoding = 4; lastKnownFileType = sourcecode.c.objc; path = EBPropertyMapper.m; sourceTree = "<group>"; };
		5B7AF98216260DB1008FE123 /* JSONTestPropertyMapper.txt */ = {isa = PBXFileReference; fileEncoding = 4; lastKnownFileType = text; path = JSONTestPropertyMapper.txt; sourceTree = "<group>"; };
		5B8A2CC4161A0DD600CB5FBA /* EBRequest.h */ = {isa = PBXFileReference; fileEncoding = 4; lastKnownFileType = sourcecode.c.h; path = EBRequest.h; sourceTree = "<group>"; };
		5B8A2CC5161A0DD600CB5FBA /* EBRequest.m */ = {isa = PBXFileReference; fileEncoding = 4; lastKnownFileType = sourcecode.c.objc; path = EBRequest.m; sourceTree = "<group>"; };
		5B8A2CC9161A15D500CB5FBA /* EBJSONRequest.h */ = {isa = PBXFileReference; fileEncoding = 4; lastKnownFileType = sourcecode.c.h; path = EBJSONRequest.h; sourceTree = "<group>"; };
		5B8A2CCA161A15D500CB5FBA /* EBJSONRequest.m */ = {isa = PBXFileReference; fileEncoding = 4; lastKnownFileType = sourcecode.c.objc; path = EBJSONRequest.m; sourceTree = "<group>"; };
		5BC0B2F416182D0600A04A96 /* EBJSONObjectMapper.h */ = {isa = PBXFileReference; fileEncoding = 4; lastKnownFileType = sourcecode.c.h; path = EBJSONObjectMapper.h; sourceTree = "<group>"; };
		5BC0B2F516182D0600A04A96 /* EBJSONObjectMapper.m */ = {isa = PBXFileReference; fileEncoding = 4; lastKnownFileType = sourcecode.c.objc; path = EBJSONObjectMapper.m; sourceTree = "<group>"; };
		5BC0B2F9161844D300A04A96 /* EBJSONObjectMapperTests.h */ = {isa = PBXFileReference; fileEncoding = 4; lastKnownFileType = sourcecode.c.h; path = EBJSONObjectMapperTests.h; sourceTree = "<group>"; };
		5BC0B2FA161844D300A04A96 /* EBJSONObjectMapperTests.m */ = {isa = PBXFileReference; fileEncoding = 4; lastKnownFileType = sourcecode.c.objc; path = EBJSONObjectMapperTests.m; sourceTree = "<group>"; };
		5BC0B2FC1618452900A04A96 /* MockPerson.h */ = {isa = PBXFileReference; fileEncoding = 4; lastKnownFileType = sourcecode.c.h; path = MockPerson.h; sourceTree = "<group>"; };
		5BC0B2FD1618452900A04A96 /* MockPerson.m */ = {isa = PBXFileReference; fileEncoding = 4; lastKnownFileType = sourcecode.c.objc; path = MockPerson.m; sourceTree = "<group>"; };
		5BC69A39161A1C0E00C5DE9F /* EBJSONRequestTests.h */ = {isa = PBXFileReference; fileEncoding = 4; lastKnownFileType = sourcecode.c.h; path = EBJSONRequestTests.h; sourceTree = "<group>"; };
		5BC69A3A161A1C0E00C5DE9F /* EBJSONRequestTests.m */ = {isa = PBXFileReference; fileEncoding = 4; lastKnownFileType = sourcecode.c.objc; path = EBJSONRequestTests.m; sourceTree = "<group>"; };
		5BCA3CCF1618C7B50007E260 /* MockAddress.h */ = {isa = PBXFileReference; fileEncoding = 4; lastKnownFileType = sourcecode.c.h; path = MockAddress.h; sourceTree = "<group>"; };
		5BCA3CD01618C7B50007E260 /* MockAddress.m */ = {isa = PBXFileReference; fileEncoding = 4; lastKnownFileType = sourcecode.c.objc; path = MockAddress.m; sourceTree = "<group>"; };
		5BCA3CD31618C8510007E260 /* JSONTest1.txt */ = {isa = PBXFileReference; fileEncoding = 4; lastKnownFileType = text; path = JSONTest1.txt; sourceTree = "<group>"; };
		5BCA3CDE1618ECC80007E260 /* JSONTest2.txt */ = {isa = PBXFileReference; fileEncoding = 4; lastKnownFileType = text; path = JSONTest2.txt; sourceTree = "<group>"; };
		5BCF6A0F1629DA410024C3BC /* EBImageRequest.h */ = {isa = PBXFileReference; fileEncoding = 4; lastKnownFileType = sourcecode.c.h; path = EBImageRequest.h; sourceTree = "<group>"; };
		5BCF6A101629DA410024C3BC /* EBImageRequest.m */ = {isa = PBXFileReference; fileEncoding = 4; lastKnownFileType = sourcecode.c.objc; path = EBImageRequest.m; sourceTree = "<group>"; };
		5BCF6A151629E0710024C3BC /* EBImageRequestTests.h */ = {isa = PBXFileReference; fileEncoding = 4; lastKnownFileType = sourcecode.c.h; path = EBImageRequestTests.h; sourceTree = "<group>"; };
		5BCF6A161629E0710024C3BC /* EBImageRequestTests.m */ = {isa = PBXFileReference; fileEncoding = 4; lastKnownFileType = sourcecode.c.objc; path = EBImageRequestTests.m; sourceTree = "<group>"; };
		5BD412BB16179505007A17AA /* EBDataRequest.h */ = {isa = PBXFileReference; fileEncoding = 4; lastKnownFileType = sourcecode.c.h; path = EBDataRequest.h; sourceTree = "<group>"; };
		5BD412BC16179505007A17AA /* EBDataRequest.m */ = {isa = PBXFileReference; fileEncoding = 4; lastKnownFileType = sourcecode.c.objc; path = EBDataRequest.m; sourceTree = "<group>"; };
		5BD412BF1617A2D8007A17AA /* UIKit.framework */ = {isa = PBXFileReference; lastKnownFileType = wrapper.framework; name = UIKit.framework; path = System/Library/Frameworks/UIKit.framework; sourceTree = SDKROOT; };
/* End PBXFileReference section */

/* Begin PBXFrameworksBuildPhase section */
		5B5298741617783B00B6BD6A /* Frameworks */ = {
			isa = PBXFrameworksBuildPhase;
			buildActionMask = 2147483647;
			files = (
				5BD412C01617A2D8007A17AA /* UIKit.framework in Frameworks */,
				5B52987B1617783B00B6BD6A /* Foundation.framework in Frameworks */,
			);
			runOnlyForDeploymentPostprocessing = 0;
		};
		5B5298841617783B00B6BD6A /* Frameworks */ = {
			isa = PBXFrameworksBuildPhase;
			buildActionMask = 2147483647;
			files = (
				5BCF6A291629EDF00024C3BC /* UIKit.framework in Frameworks */,
				5B52988A1617783B00B6BD6A /* SenTestingKit.framework in Frameworks */,
				5B52988D1617783B00B6BD6A /* Foundation.framework in Frameworks */,
				5B5298901617783B00B6BD6A /* libEBRequest.a in Frameworks */,
			);
			runOnlyForDeploymentPostprocessing = 0;
		};
/* End PBXFrameworksBuildPhase section */

/* Begin PBXGroup section */
		5B52986C1617783B00B6BD6A = {
			isa = PBXGroup;
			children = (
				5B52987C1617783B00B6BD6A /* EBRequest */,
				5B5298911617783B00B6BD6A /* EBRequestTests */,
				5B5298791617783B00B6BD6A /* Frameworks */,
				5B5298781617783B00B6BD6A /* Products */,
			);
			sourceTree = "<group>";
		};
		5B5298781617783B00B6BD6A /* Products */ = {
			isa = PBXGroup;
			children = (
				5B5298771617783B00B6BD6A /* libEBRequest.a */,
				5B5298881617783B00B6BD6A /* EBRequestTests.octest */,
			);
			name = Products;
			sourceTree = "<group>";
		};
		5B5298791617783B00B6BD6A /* Frameworks */ = {
			isa = PBXGroup;
			children = (
				5B52987A1617783B00B6BD6A /* Foundation.framework */,
				5B5298891617783B00B6BD6A /* SenTestingKit.framework */,
				5BD412BF1617A2D8007A17AA /* UIKit.framework */,
			);
			name = Frameworks;
			sourceTree = "<group>";
		};
		5B52987C1617783B00B6BD6A /* EBRequest */ = {
			isa = PBXGroup;
			children = (
				5B52987F1617783B00B6BD6A /* EBLibrary.h */,
				5B8A2CC4161A0DD600CB5FBA /* EBRequest.h */,
				5B8A2CC5161A0DD600CB5FBA /* EBRequest.m */,
				5BD412BB16179505007A17AA /* EBDataRequest.h */,
				5BD412BC16179505007A17AA /* EBDataRequest.m */,
				5BCF6A0F1629DA410024C3BC /* EBImageRequest.h */,
				5BCF6A101629DA410024C3BC /* EBImageRequest.m */,
				5B8A2CC9161A15D500CB5FBA /* EBJSONRequest.h */,
				5B8A2CCA161A15D500CB5FBA /* EBJSONRequest.m */,
				5BC0B2F416182D0600A04A96 /* EBJSONObjectMapper.h */,
				5BC0B2F516182D0600A04A96 /* EBJSONObjectMapper.m */,
				5B7AF97D162605C7008FE123 /* EBPropertyMapper.h */,
				5B7AF97E162605C7008FE123 /* EBPropertyMapper.m */,
				5B49E09416291912007AD7F6 /* EBDescribedObject.h */,
				5B49E09516291912007AD7F6 /* EBDescribedObject.m */,
				5B49E0D616298781007AD7F6 /* EBRuntimeUtils.h */,
				5B49E0D716298781007AD7F6 /* EBRuntimeUtils.m */,
				5B52987D1617783B00B6BD6A /* Supporting Files */,
				5B49E0C916297CA5007AD7F6 /* EBInfo.h */,
				5B49E0D0162984E3007AD7F6 /* EBGitVersion.h */,
			);
			path = EBRequest;
			sourceTree = "<group>";
		};
		5B52987D1617783B00B6BD6A /* Supporting Files */ = {
			isa = PBXGroup;
			children = (
				5B52987E1617783B00B6BD6A /* EBRequest-Prefix.pch */,
			);
			name = "Supporting Files";
			sourceTree = "<group>";
		};
		5B5298911617783B00B6BD6A /* EBRequestTests */ = {
			isa = PBXGroup;
			children = (
				5B5298971617783B00B6BD6A /* EBRequestTests.h */,
				5B5298981617783B00B6BD6A /* EBRequestTests.m */,
				5BC0B2F9161844D300A04A96 /* EBJSONObjectMapperTests.h */,
				5BC0B2FA161844D300A04A96 /* EBJSONObjectMapperTests.m */,
				5BC0B2FC1618452900A04A96 /* MockPerson.h */,
				5BC0B2FD1618452900A04A96 /* MockPerson.m */,
				5BCA3CCF1618C7B50007E260 /* MockAddress.h */,
				5BCA3CD01618C7B50007E260 /* MockAddress.m */,
				5BC69A39161A1C0E00C5DE9F /* EBJSONRequestTests.h */,
				5BC69A3A161A1C0E00C5DE9F /* EBJSONRequestTests.m */,
				5B49E099162919A6007AD7F6 /* EBDescribedObjectTests.h */,
				5B49E09A162919A6007AD7F6 /* EBDescribedObjectTests.m */,
				5BCF6A151629E0710024C3BC /* EBImageRequestTests.h */,
				5BCF6A161629E0710024C3BC /* EBImageRequestTests.m */,
				5BCA3CD31618C8510007E260 /* JSONTest1.txt */,
				5BCA3CDE1618ECC80007E260 /* JSONTest2.txt */,
				5B696BA51619FE3200B4A20C /* JSONTest3.txt */,
				5B7AF98216260DB1008FE123 /* JSONTestPropertyMapper.txt */,
				5B3DFF641630267D00C26327 /* JSONTestPropertyMapper2.txt */,
				5B5298921617783B00B6BD6A /* Supporting Files */,
			);
			path = EBRequestTests;
			sourceTree = "<group>";
		};
		5B5298921617783B00B6BD6A /* Supporting Files */ = {
			isa = PBXGroup;
			children = (
				5B5298931617783B00B6BD6A /* EBRequestTests-Info.plist */,
				5B5298941617783B00B6BD6A /* InfoPlist.strings */,
			);
			name = "Supporting Files";
			sourceTree = "<group>";
		};
/* End PBXGroup section */

/* Begin PBXHeadersBuildPhase section */
		5BD4121C16177979007A17AA /* Headers */ = {
			isa = PBXHeadersBuildPhase;
			buildActionMask = 2147483647;
			files = (
				5B5409EB1617B6D1003E7453 /* EBLibrary.h in Headers */,
				5BD412BD16179505007A17AA /* EBDataRequest.h in Headers */,
				5BC0B2F616182D0600A04A96 /* EBJSONObjectMapper.h in Headers */,
				5B8A2CC6161A0DD600CB5FBA /* EBRequest.h in Headers */,
				5B7AF97F162605C7008FE123 /* EBPropertyMapper.h in Headers */,
				5B8A2CCB161A15D500CB5FBA /* EBJSONRequest.h in Headers */,
				5B49E0CA16297CA5007AD7F6 /* EBInfo.h in Headers */,
				5BCF6A111629DA410024C3BC /* EBImageRequest.h in Headers */,
				5B49E0D1162984E3007AD7F6 /* EBGitVersion.h in Headers */,
				5B49E09616291912007AD7F6 /* EBDescribedObject.h in Headers */,
				5B49E0D816298781007AD7F6 /* EBRuntimeUtils.h in Headers */,
			);
			runOnlyForDeploymentPostprocessing = 0;
		};
/* End PBXHeadersBuildPhase section */

/* Begin PBXNativeTarget section */
		5B5298761617783B00B6BD6A /* EBRequest */ = {
			isa = PBXNativeTarget;
			buildConfigurationList = 5B52989C1617783B00B6BD6A /* Build configuration list for PBXNativeTarget "EBRequest" */;
			buildPhases = (
				5B49E0BD16297C05007AD7F6 /* ShellScript */,
				5B5298731617783B00B6BD6A /* Sources */,
				5B5298741617783B00B6BD6A /* Frameworks */,
				5BD4121C16177979007A17AA /* Headers */,
				5B5298751617783B00B6BD6A /* CopyFiles */,
			);
			buildRules = (
			);
			dependencies = (
			);
			name = EBRequest;
			productName = EBRequest;
			productReference = 5B5298771617783B00B6BD6A /* libEBRequest.a */;
			productType = "com.apple.product-type.library.static";
		};
		5B5298871617783B00B6BD6A /* EBRequestTests */ = {
			isa = PBXNativeTarget;
			buildConfigurationList = 5B52989F1617783B00B6BD6A /* Build configuration list for PBXNativeTarget "EBRequestTests" */;
			buildPhases = (
				5B5298831617783B00B6BD6A /* Sources */,
				5B5298841617783B00B6BD6A /* Frameworks */,
				5B5298851617783B00B6BD6A /* Resources */,
				5B5298861617783B00B6BD6A /* ShellScript */,
			);
			buildRules = (
			);
			dependencies = (
				5B52988F1617783B00B6BD6A /* PBXTargetDependency */,
			);
			name = EBRequestTests;
			productName = EBRequestTests;
			productReference = 5B5298881617783B00B6BD6A /* EBRequestTests.octest */;
			productType = "com.apple.product-type.bundle";
		};
/* End PBXNativeTarget section */

/* Begin PBXProject section */
		5B52986E1617783B00B6BD6A /* Project object */ = {
			isa = PBXProject;
			attributes = {
				CLASSPREFIX = EB;
				LastUpgradeCheck = 0450;
				ORGANIZATIONNAME = Esteban;
			};
			buildConfigurationList = 5B5298711617783B00B6BD6A /* Build configuration list for PBXProject "EBRequest" */;
			compatibilityVersion = "Xcode 3.2";
			developmentRegion = English;
			hasScannedForEncodings = 0;
			knownRegions = (
				en,
			);
			mainGroup = 5B52986C1617783B00B6BD6A;
			productRefGroup = 5B5298781617783B00B6BD6A /* Products */;
			projectDirPath = "";
			projectRoot = "";
			targets = (
				5B5298761617783B00B6BD6A /* EBRequest */,
				5B5298871617783B00B6BD6A /* EBRequestTests */,
			);
		};
/* End PBXProject section */

/* Begin PBXResourcesBuildPhase section */
		5B5298851617783B00B6BD6A /* Resources */ = {
			isa = PBXResourcesBuildPhase;
			buildActionMask = 2147483647;
			files = (
				5B5298961617783B00B6BD6A /* InfoPlist.strings in Resources */,
				5BCA3CD41618C8510007E260 /* JSONTest1.txt in Resources */,
				5BCA3CDF1618ECC80007E260 /* JSONTest2.txt in Resources */,
				5B696BA61619FE3200B4A20C /* JSONTest3.txt in Resources */,
				5B7AF98316260DB1008FE123 /* JSONTestPropertyMapper.txt in Resources */,
				5B3DFF651630267D00C26327 /* JSONTestPropertyMapper2.txt in Resources */,
			);
			runOnlyForDeploymentPostprocessing = 0;
		};
/* End PBXResourcesBuildPhase section */

/* Begin PBXShellScriptBuildPhase section */
		5B49E0BD16297C05007AD7F6 /* ShellScript */ = {
			isa = PBXShellScriptBuildPhase;
			buildActionMask = 2147483647;
			files = (
			);
			inputPaths = (
			);
			outputPaths = (
			);
			runOnlyForDeploymentPostprocessing = 0;
			shellPath = /bin/sh;
			shellScript = "cd EBRequest\n\ngitBin=\"/usr/bin/git\"\noutputFile=\"EBGitVersion.h\"\nmercurialBin=\"/usr/local/bin/hg\"\n\necho \"/* Git repository information for current build: */\"                  > $outputFile\necho                                                                        >> $outputFile\n\nif [ -f $gitBin ]; then\necho \"Adding mercurial repository information\"\n\necho \"#define kGitVersion       @\"\\\"`$gitBin describe`\\\"                    >> $outputFile\necho \"#define kGitBranch        @\"\\\"`$gitBin rev-parse --abbrev-ref HEAD`\\\" >> $outputFile\n\nelse\necho \"#define kGitVersion       @\"\\\"unknown\\\"                               >> $outputFile\necho \"#define kGitBranch        @\"\\\"unknown\\\"                               >> $outputFile\n\nfi\n";
		};
		5B5298861617783B00B6BD6A /* ShellScript */ = {
			isa = PBXShellScriptBuildPhase;
			buildActionMask = 2147483647;
			files = (
			);
			inputPaths = (
			);
			outputPaths = (
			);
			runOnlyForDeploymentPostprocessing = 0;
			shellPath = /bin/sh;
			shellScript = "# Run the unit tests in this test bundle.\n\"${SYSTEM_DEVELOPER_DIR}/Tools/RunUnitTests\"\n";
		};
/* End PBXShellScriptBuildPhase section */

/* Begin PBXSourcesBuildPhase section */
		5B5298731617783B00B6BD6A /* Sources */ = {
			isa = PBXSourcesBuildPhase;
			buildActionMask = 2147483647;
			files = (
				5BD412BE16179505007A17AA /* EBDataRequest.m in Sources */,
				5BC0B2F716182D0600A04A96 /* EBJSONObjectMapper.m in Sources */,
				5B8A2CC7161A0DD600CB5FBA /* EBRequest.m in Sources */,
				5B8A2CCC161A15D500CB5FBA /* EBJSONRequest.m in Sources */,
				5B7AF980162605C7008FE123 /* EBPropertyMapper.m in Sources */,
				5B49E09716291912007AD7F6 /* EBDescribedObject.m in Sources */,
				5B49E0D916298781007AD7F6 /* EBRuntimeUtils.m in Sources */,
				5BCF6A121629DA410024C3BC /* EBImageRequest.m in Sources */,
			);
			runOnlyForDeploymentPostprocessing = 0;
		};
		5B5298831617783B00B6BD6A /* Sources */ = {
			isa = PBXSourcesBuildPhase;
			buildActionMask = 2147483647;
			files = (
				5B5298991617783B00B6BD6A /* EBRequestTests.m in Sources */,
				5BC0B2FB161844D300A04A96 /* EBJSONObjectMapperTests.m in Sources */,
				5BC0B2FE1618452900A04A96 /* MockPerson.m in Sources */,
				5BCA3CD11618C7B50007E260 /* MockAddress.m in Sources */,
				5BC69A3B161A1C0E00C5DE9F /* EBJSONRequestTests.m in Sources */,
				5B49E09B162919A6007AD7F6 /* EBDescribedObjectTests.m in Sources */,
				5BCF6A171629E0710024C3BC /* EBImageRequestTests.m in Sources */,
			);
			runOnlyForDeploymentPostprocessing = 0;
		};
/* End PBXSourcesBuildPhase section */

/* Begin PBXTargetDependency section */
		5B52988F1617783B00B6BD6A /* PBXTargetDependency */ = {
			isa = PBXTargetDependency;
			target = 5B5298761617783B00B6BD6A /* EBRequest */;
			targetProxy = 5B52988E1617783B00B6BD6A /* PBXContainerItemProxy */;
		};
/* End PBXTargetDependency section */

/* Begin PBXVariantGroup section */
		5B5298941617783B00B6BD6A /* InfoPlist.strings */ = {
			isa = PBXVariantGroup;
			children = (
				5B5298951617783B00B6BD6A /* en */,
			);
			name = InfoPlist.strings;
			sourceTree = "<group>";
		};
/* End PBXVariantGroup section */

/* Begin XCBuildConfiguration section */
		5B52989A1617783B00B6BD6A /* Debug */ = {
			isa = XCBuildConfiguration;
			buildSettings = {
				ALWAYS_SEARCH_USER_PATHS = NO;
				CLANG_CXX_LANGUAGE_STANDARD = "gnu++0x";
				CLANG_CXX_LIBRARY = "libc++";
				CLANG_WARN_EMPTY_BODY = YES;
				CLANG_WARN__DUPLICATE_METHOD_MATCH = YES;
				COPY_PHASE_STRIP = NO;
				GCC_C_LANGUAGE_STANDARD = gnu99;
				GCC_DYNAMIC_NO_PIC = NO;
				GCC_OPTIMIZATION_LEVEL = 0;
				GCC_PREPROCESSOR_DEFINITIONS = (
					"DEBUG=1",
					"$(inherited)",
				);
				GCC_SYMBOLS_PRIVATE_EXTERN = NO;
				GCC_WARN_ABOUT_RETURN_TYPE = YES;
				GCC_WARN_UNINITIALIZED_AUTOS = YES;
				GCC_WARN_UNUSED_VARIABLE = YES;
				IPHONEOS_DEPLOYMENT_TARGET = 5.0;
				SDKROOT = iphoneos;
			};
			name = Debug;
		};
		5B52989B1617783B00B6BD6A /* Release */ = {
			isa = XCBuildConfiguration;
			buildSettings = {
				ALWAYS_SEARCH_USER_PATHS = NO;
				CLANG_CXX_LANGUAGE_STANDARD = "gnu++0x";
				CLANG_CXX_LIBRARY = "libc++";
				CLANG_WARN_EMPTY_BODY = YES;
				CLANG_WARN__DUPLICATE_METHOD_MATCH = YES;
				COPY_PHASE_STRIP = YES;
				GCC_C_LANGUAGE_STANDARD = gnu99;
				GCC_WARN_ABOUT_RETURN_TYPE = YES;
				GCC_WARN_UNINITIALIZED_AUTOS = YES;
				GCC_WARN_UNUSED_VARIABLE = YES;
				IPHONEOS_DEPLOYMENT_TARGET = 5.0;
				SDKROOT = iphoneos;
				VALIDATE_PRODUCT = YES;
			};
			name = Release;
		};
		5B52989D1617783B00B6BD6A /* Debug */ = {
			isa = XCBuildConfiguration;
			buildSettings = {
				CONFIGURATION_BUILD_DIR = "$(PROJECT_DIR)/../build/$(CONFIGURATION)$(EFFECTIVE_PLATFORM_NAME)";
				DSTROOT = /tmp/EBRequest.dst;
				GCC_PRECOMPILE_PREFIX_HEADER = YES;
				GCC_PREFIX_HEADER = "EBRequest/EBRequest-Prefix.pch";
				OTHER_LDFLAGS = "-ObjC";
				PRODUCT_NAME = "$(TARGET_NAME)";
				SKIP_INSTALL = YES;
			};
			name = Debug;
		};
		5B52989E1617783B00B6BD6A /* Release */ = {
			isa = XCBuildConfiguration;
			buildSettings = {
				CONFIGURATION_BUILD_DIR = "$(PROJECT_DIR)/../build/$(CONFIGURATION)$(EFFECTIVE_PLATFORM_NAME)";
				DSTROOT = /tmp/EBRequest.dst;
				GCC_PRECOMPILE_PREFIX_HEADER = YES;
				GCC_PREFIX_HEADER = "EBRequest/EBRequest-Prefix.pch";
				OTHER_LDFLAGS = "-ObjC";
				PRODUCT_NAME = "$(TARGET_NAME)";
				SKIP_INSTALL = YES;
			};
			name = Release;
		};
		5B5298A01617783B00B6BD6A /* Debug */ = {
			isa = XCBuildConfiguration;
			buildSettings = {
				CONFIGURATION_BUILD_DIR = "$(PROJECT_DIR)/../build/$(CONFIGURATION)$(EFFECTIVE_PLATFORM_NAME)";
				FRAMEWORK_SEARCH_PATHS = (
					"\"$(SDKROOT)/Developer/Library/Frameworks\"",
					"\"$(DEVELOPER_LIBRARY_DIR)/Frameworks\"",
				);
				GCC_PRECOMPILE_PREFIX_HEADER = YES;
				GCC_PREFIX_HEADER = "EBRequest/EBRequest-Prefix.pch";
				INFOPLIST_FILE = "EBRequestTests/EBRequestTests-Info.plist";
				PRODUCT_NAME = "$(TARGET_NAME)";
				WRAPPER_EXTENSION = octest;
			};
			name = Debug;
		};
		5B5298A11617783B00B6BD6A /* Release */ = {
			isa = XCBuildConfiguration;
			buildSettings = {
				CONFIGURATION_BUILD_DIR = "$(PROJECT_DIR)/../build/$(CONFIGURATION)$(EFFECTIVE_PLATFORM_NAME)";
				FRAMEWORK_SEARCH_PATHS = (
					"\"$(SDKROOT)/Developer/Library/Frameworks\"",
					"\"$(DEVELOPER_LIBRARY_DIR)/Frameworks\"",
				);
				GCC_PRECOMPILE_PREFIX_HEADER = YES;
				GCC_PREFIX_HEADER = "EBRequest/EBRequest-Prefix.pch";
				INFOPLIST_FILE = "EBRequestTests/EBRequestTests-Info.plist";
				PRODUCT_NAME = "$(TARGET_NAME)";
				WRAPPER_EXTENSION = octest;
			};
			name = Release;
		};
/* End XCBuildConfiguration section */

/* Begin XCConfigurationList section */
		5B5298711617783B00B6BD6A /* Build configuration list for PBXProject "EBRequest" */ = {
			isa = XCConfigurationList;
			buildConfigurations = (
				5B52989A1617783B00B6BD6A /* Debug */,
				5B52989B1617783B00B6BD6A /* Release */,
			);
			defaultConfigurationIsVisible = 0;
			defaultConfigurationName = Release;
		};
		5B52989C1617783B00B6BD6A /* Build configuration list for PBXNativeTarget "EBRequest" */ = {
			isa = XCConfigurationList;
			buildConfigurations = (
				5B52989D1617783B00B6BD6A /* Debug */,
				5B52989E1617783B00B6BD6A /* Release */,
			);
			defaultConfigurationIsVisible = 0;
			defaultConfigurationName = Release;
		};
		5B52989F1617783B00B6BD6A /* Build configuration list for PBXNativeTarget "EBRequestTests" */ = {
			isa = XCConfigurationList;
			buildConfigurations = (
				5B5298A01617783B00B6BD6A /* Debug */,
				5B5298A11617783B00B6BD6A /* Release */,
			);
			defaultConfigurationIsVisible = 0;
			defaultConfigurationName = Release;
		};
/* End XCConfigurationList section */
	};
	rootObject = 5B52986E1617783B00B6BD6A /* Project object */;
}
