// !$*UTF8*$!
{
	archiveVersion = 1;
	classes = {
	};
	objectVersion = 46;
	objects = {

/* Begin PBXBuildFile section */
		5B27AA4C162F2C2800686BD6 /* MultipleImageViewController.m in Sources */ = {isa = PBXBuildFile; fileRef = 5B27AA4B162F2C2800686BD6 /* MultipleImageViewController.m */; };
		5B27AA53162F32BF00686BD6 /* ImageEntry.m in Sources */ = {isa = PBXBuildFile; fileRef = 5B27AA4E162F32BF00686BD6 /* ImageEntry.m */; };
		5B27AA54162F32BF00686BD6 /* ImageResponse.m in Sources */ = {isa = PBXBuildFile; fileRef = 5B27AA50162F32BF00686BD6 /* ImageResponse.m */; };
		5B27AA55162F32BF00686BD6 /* ImageResponseData.m in Sources */ = {isa = PBXBuildFile; fileRef = 5B27AA52162F32BF00686BD6 /* ImageResponseData.m */; };
		5B65B5541617BF7B006B1C01 /* libEBRequest.a in Frameworks */ = {isa = PBXBuildFile; fileRef = 5B65B5531617BF7B006B1C01 /* libEBRequest.a */; };
		5B65B55C1617C2BB006B1C01 /* ResultViewController.m in Sources */ = {isa = PBXBuildFile; fileRef = 5B65B55A1617C2BB006B1C01 /* ResultViewController.m */; };
		5B65B55D1617C2BB006B1C01 /* ResultViewController~iphone.xib in Resources */ = {isa = PBXBuildFile; fileRef = 5B65B55B1617C2BB006B1C01 /* ResultViewController~iphone.xib */; };
		5B9E7D2B16298D8B00FF3B86 /* ResultViewController~ipad.xib in Resources */ = {isa = PBXBuildFile; fileRef = 5B9E7D2A16298D8B00FF3B86 /* ResultViewController~ipad.xib */; };
		5B9E7D2E16298FFE00FF3B86 /* StandardRequestViewController.m in Sources */ = {isa = PBXBuildFile; fileRef = 5B9E7D2D16298FFE00FF3B86 /* StandardRequestViewController.m */; };
		5B9E7D331629923F00FF3B86 /* MappedJSONViewController.m in Sources */ = {isa = PBXBuildFile; fileRef = 5B9E7D321629923F00FF3B86 /* MappedJSONViewController.m */; };
		5B9E7D36162993E800FF3B86 /* ResponseData.m in Sources */ = {isa = PBXBuildFile; fileRef = 5B9E7D35162993E800FF3B86 /* ResponseData.m */; };
		5B9E7D39162993FB00FF3B86 /* Entry.m in Sources */ = {isa = PBXBuildFile; fileRef = 5B9E7D38162993FB00FF3B86 /* Entry.m */; };
		5B9E7D3C1629948600FF3B86 /* Response.m in Sources */ = {isa = PBXBuildFile; fileRef = 5B9E7D3B1629948600FF3B86 /* Response.m */; };
		5BCF6A281629E7B60024C3BC /* ImageViewController.m in Sources */ = {isa = PBXBuildFile; fileRef = 5BCF6A271629E7B60024C3BC /* ImageViewController.m */; };
		5BD413021617B0FC007A17AA /* UIKit.framework in Frameworks */ = {isa = PBXBuildFile; fileRef = 5BD413011617B0FC007A17AA /* UIKit.framework */; };
		5BD413041617B0FC007A17AA /* Foundation.framework in Frameworks */ = {isa = PBXBuildFile; fileRef = 5BD413031617B0FC007A17AA /* Foundation.framework */; };
		5BD413061617B0FC007A17AA /* CoreGraphics.framework in Frameworks */ = {isa = PBXBuildFile; fileRef = 5BD413051617B0FC007A17AA /* CoreGraphics.framework */; };
		5BD4130C1617B0FC007A17AA /* InfoPlist.strings in Resources */ = {isa = PBXBuildFile; fileRef = 5BD4130A1617B0FC007A17AA /* InfoPlist.strings */; };
		5BD4130E1617B0FC007A17AA /* main.m in Sources */ = {isa = PBXBuildFile; fileRef = 5BD4130D1617B0FC007A17AA /* main.m */; };
		5BD413121617B0FC007A17AA /* AppDelegate.m in Sources */ = {isa = PBXBuildFile; fileRef = 5BD413111617B0FC007A17AA /* AppDelegate.m */; };
		5BD413141617B0FD007A17AA /* Default.png in Resources */ = {isa = PBXBuildFile; fileRef = 5BD413131617B0FD007A17AA /* Default.png */; };
		5BD413161617B0FD007A17AA /* Default@2x.png in Resources */ = {isa = PBXBuildFile; fileRef = 5BD413151617B0FD007A17AA /* Default@2x.png */; };
		5BD413181617B0FD007A17AA /* Default-568h@2x.png in Resources */ = {isa = PBXBuildFile; fileRef = 5BD413171617B0FD007A17AA /* Default-568h@2x.png */; };
		5BD413201617B248007A17AA /* MainViewController.m in Sources */ = {isa = PBXBuildFile; fileRef = 5BD4131F1617B248007A17AA /* MainViewController.m */; };
/* End PBXBuildFile section */

/* Begin PBXFileReference section */
		5B27AA4A162F2C2800686BD6 /* MultipleImageViewController.h */ = {isa = PBXFileReference; fileEncoding = 4; lastKnownFileType = sourcecode.c.h; path = MultipleImageViewController.h; sourceTree = "<group>"; };
		5B27AA4B162F2C2800686BD6 /* MultipleImageViewController.m */ = {isa = PBXFileReference; fileEncoding = 4; lastKnownFileType = sourcecode.c.objc; path = MultipleImageViewController.m; sourceTree = "<group>"; };
		5B27AA4D162F32BF00686BD6 /* ImageEntry.h */ = {isa = PBXFileReference; fileEncoding = 4; lastKnownFileType = sourcecode.c.h; path = ImageEntry.h; sourceTree = "<group>"; };
		5B27AA4E162F32BF00686BD6 /* ImageEntry.m */ = {isa = PBXFileReference; fileEncoding = 4; lastKnownFileType = sourcecode.c.objc; path = ImageEntry.m; sourceTree = "<group>"; };
		5B27AA4F162F32BF00686BD6 /* ImageResponse.h */ = {isa = PBXFileReference; fileEncoding = 4; lastKnownFileType = sourcecode.c.h; path = ImageResponse.h; sourceTree = "<group>"; };
		5B27AA50162F32BF00686BD6 /* ImageResponse.m */ = {isa = PBXFileReference; fileEncoding = 4; lastKnownFileType = sourcecode.c.objc; path = ImageResponse.m; sourceTree = "<group>"; };
		5B27AA51162F32BF00686BD6 /* ImageResponseData.h */ = {isa = PBXFileReference; fileEncoding = 4; lastKnownFileType = sourcecode.c.h; path = ImageResponseData.h; sourceTree = "<group>"; };
		5B27AA52162F32BF00686BD6 /* ImageResponseData.m */ = {isa = PBXFileReference; fileEncoding = 4; lastKnownFileType = sourcecode.c.objc; path = ImageResponseData.m; sourceTree = "<group>"; };
		5B65B5531617BF7B006B1C01 /* libEBRequest.a */ = {isa = PBXFileReference; lastKnownFileType = archive.ar; name = libEBRequest.a; path = "../build/Debug-iphonesimulator/libEBRequest.a"; sourceTree = "<group>"; };
		5B65B5591617C2BB006B1C01 /* ResultViewController.h */ = {isa = PBXFileReference; fileEncoding = 4; lastKnownFileType = sourcecode.c.h; path = ResultViewController.h; sourceTree = "<group>"; };
		5B65B55A1617C2BB006B1C01 /* ResultViewController.m */ = {isa = PBXFileReference; fileEncoding = 4; lastKnownFileType = sourcecode.c.objc; path = ResultViewController.m; sourceTree = "<group>"; };
		5B65B55B1617C2BB006B1C01 /* ResultViewController~iphone.xib */ = {isa = PBXFileReference; fileEncoding = 4; lastKnownFileType = file.xib; path = "ResultViewController~iphone.xib"; sourceTree = "<group>"; };
		5B9E7D2A16298D8B00FF3B86 /* ResultViewController~ipad.xib */ = {isa = PBXFileReference; fileEncoding = 4; lastKnownFileType = file.xib; path = "ResultViewController~ipad.xib"; sourceTree = "<group>"; };
		5B9E7D2C16298FFE00FF3B86 /* StandardRequestViewController.h */ = {isa = PBXFileReference; fileEncoding = 4; lastKnownFileType = sourcecode.c.h; path = StandardRequestViewController.h; sourceTree = "<group>"; };
		5B9E7D2D16298FFE00FF3B86 /* StandardRequestViewController.m */ = {isa = PBXFileReference; fileEncoding = 4; lastKnownFileType = sourcecode.c.objc; path = StandardRequestViewController.m; sourceTree = "<group>"; };
		5B9E7D311629923F00FF3B86 /* MappedJSONViewController.h */ = {isa = PBXFileReference; fileEncoding = 4; lastKnownFileType = sourcecode.c.h; path = MappedJSONViewController.h; sourceTree = "<group>"; };
		5B9E7D321629923F00FF3B86 /* MappedJSONViewController.m */ = {isa = PBXFileReference; fileEncoding = 4; lastKnownFileType = sourcecode.c.objc; path = MappedJSONViewController.m; sourceTree = "<group>"; };
		5B9E7D34162993E800FF3B86 /* ResponseData.h */ = {isa = PBXFileReference; fileEncoding = 4; lastKnownFileType = sourcecode.c.h; path = ResponseData.h; sourceTree = "<group>"; };
		5B9E7D35162993E800FF3B86 /* ResponseData.m */ = {isa = PBXFileReference; fileEncoding = 4; lastKnownFileType = sourcecode.c.objc; path = ResponseData.m; sourceTree = "<group>"; };
		5B9E7D37162993FB00FF3B86 /* Entry.h */ = {isa = PBXFileReference; fileEncoding = 4; lastKnownFileType = sourcecode.c.h; path = Entry.h; sourceTree = "<group>"; };
		5B9E7D38162993FB00FF3B86 /* Entry.m */ = {isa = PBXFileReference; fileEncoding = 4; lastKnownFileType = sourcecode.c.objc; path = Entry.m; sourceTree = "<group>"; };
		5B9E7D3A1629948600FF3B86 /* Response.h */ = {isa = PBXFileReference; fileEncoding = 4; lastKnownFileType = sourcecode.c.h; path = Response.h; sourceTree = "<group>"; };
		5B9E7D3B1629948600FF3B86 /* Response.m */ = {isa = PBXFileReference; fileEncoding = 4; lastKnownFileType = sourcecode.c.objc; path = Response.m; sourceTree = "<group>"; };
		5BCF6A261629E7B60024C3BC /* ImageViewController.h */ = {isa = PBXFileReference; fileEncoding = 4; lastKnownFileType = sourcecode.c.h; path = ImageViewController.h; sourceTree = "<group>"; };
		5BCF6A271629E7B60024C3BC /* ImageViewController.m */ = {isa = PBXFileReference; fileEncoding = 4; lastKnownFileType = sourcecode.c.objc; path = ImageViewController.m; sourceTree = "<group>"; };
		5BD412FD1617B0FC007A17AA /* EBExampleProject.app */ = {isa = PBXFileReference; explicitFileType = wrapper.application; includeInIndex = 0; path = EBExampleProject.app; sourceTree = BUILT_PRODUCTS_DIR; };
		5BD413011617B0FC007A17AA /* UIKit.framework */ = {isa = PBXFileReference; lastKnownFileType = wrapper.framework; name = UIKit.framework; path = System/Library/Frameworks/UIKit.framework; sourceTree = SDKROOT; };
		5BD413031617B0FC007A17AA /* Foundation.framework */ = {isa = PBXFileReference; lastKnownFileType = wrapper.framework; name = Foundation.framework; path = System/Library/Frameworks/Foundation.framework; sourceTree = SDKROOT; };
		5BD413051617B0FC007A17AA /* CoreGraphics.framework */ = {isa = PBXFileReference; lastKnownFileType = wrapper.framework; name = CoreGraphics.framework; path = System/Library/Frameworks/CoreGraphics.framework; sourceTree = SDKROOT; };
		5BD413091617B0FC007A17AA /* EBExampleProject-Info.plist */ = {isa = PBXFileReference; lastKnownFileType = text.plist.xml; path = "EBExampleProject-Info.plist"; sourceTree = "<group>"; };
		5BD4130B1617B0FC007A17AA /* en */ = {isa = PBXFileReference; lastKnownFileType = text.plist.strings; name = en; path = en.lproj/InfoPlist.strings; sourceTree = "<group>"; };
		5BD4130D1617B0FC007A17AA /* main.m */ = {isa = PBXFileReference; lastKnownFileType = sourcecode.c.objc; path = main.m; sourceTree = "<group>"; };
		5BD4130F1617B0FC007A17AA /* EBExampleProject-Prefix.pch */ = {isa = PBXFileReference; lastKnownFileType = sourcecode.c.h; path = "EBExampleProject-Prefix.pch"; sourceTree = "<group>"; };
		5BD413101617B0FC007A17AA /* AppDelegate.h */ = {isa = PBXFileReference; lastKnownFileType = sourcecode.c.h; path = AppDelegate.h; sourceTree = "<group>"; };
		5BD413111617B0FC007A17AA /* AppDelegate.m */ = {isa = PBXFileReference; lastKnownFileType = sourcecode.c.objc; path = AppDelegate.m; sourceTree = "<group>"; };
		5BD413131617B0FD007A17AA /* Default.png */ = {isa = PBXFileReference; lastKnownFileType = image.png; path = Default.png; sourceTree = "<group>"; };
		5BD413151617B0FD007A17AA /* Default@2x.png */ = {isa = PBXFileReference; lastKnownFileType = image.png; path = "Default@2x.png"; sourceTree = "<group>"; };
		5BD413171617B0FD007A17AA /* Default-568h@2x.png */ = {isa = PBXFileReference; lastKnownFileType = image.png; path = "Default-568h@2x.png"; sourceTree = "<group>"; };
		5BD4131E1617B248007A17AA /* MainViewController.h */ = {isa = PBXFileReference; fileEncoding = 4; lastKnownFileType = sourcecode.c.h; path = MainViewController.h; sourceTree = "<group>"; };
		5BD4131F1617B248007A17AA /* MainViewController.m */ = {isa = PBXFileReference; fileEncoding = 4; lastKnownFileType = sourcecode.c.objc; path = MainViewController.m; sourceTree = "<group>"; };
/* End PBXFileReference section */

/* Begin PBXFrameworksBuildPhase section */
		5BD412FA1617B0FC007A17AA /* Frameworks */ = {
			isa = PBXFrameworksBuildPhase;
			buildActionMask = 2147483647;
			files = (
				5BD413021617B0FC007A17AA /* UIKit.framework in Frameworks */,
				5BD413041617B0FC007A17AA /* Foundation.framework in Frameworks */,
				5BD413061617B0FC007A17AA /* CoreGraphics.framework in Frameworks */,
				5B65B5541617BF7B006B1C01 /* libEBRequest.a in Frameworks */,
			);
			runOnlyForDeploymentPostprocessing = 0;
		};
/* End PBXFrameworksBuildPhase section */

/* Begin PBXGroup section */
		5B27AA45162F2B5B00686BD6 /* Multiple Image Request */ = {
			isa = PBXGroup;
			children = (
				5B27AA4A162F2C2800686BD6 /* MultipleImageViewController.h */,
				5B27AA4B162F2C2800686BD6 /* MultipleImageViewController.m */,
				5B27AA4D162F32BF00686BD6 /* ImageEntry.h */,
				5B27AA4E162F32BF00686BD6 /* ImageEntry.m */,
				5B27AA4F162F32BF00686BD6 /* ImageResponse.h */,
				5B27AA50162F32BF00686BD6 /* ImageResponse.m */,
				5B27AA51162F32BF00686BD6 /* ImageResponseData.h */,
				5B27AA52162F32BF00686BD6 /* ImageResponseData.m */,
			);
			name = "Multiple Image Request";
			sourceTree = "<group>";
		};
		5B9E7D2F1629909C00FF3B86 /* Standard Request */ = {
			isa = PBXGroup;
			children = (
				5B9E7D2C16298FFE00FF3B86 /* StandardRequestViewController.h */,
				5B9E7D2D16298FFE00FF3B86 /* StandardRequestViewController.m */,
			);
			name = "Standard Request";
			sourceTree = "<group>";
		};
		5B9E7D301629921F00FF3B86 /* Mapped JSON Request */ = {
			isa = PBXGroup;
			children = (
				5B9E7D311629923F00FF3B86 /* MappedJSONViewController.h */,
				5B9E7D321629923F00FF3B86 /* MappedJSONViewController.m */,
				5B9E7D34162993E800FF3B86 /* ResponseData.h */,
				5B9E7D35162993E800FF3B86 /* ResponseData.m */,
				5B9E7D37162993FB00FF3B86 /* Entry.h */,
				5B9E7D38162993FB00FF3B86 /* Entry.m */,
				5B9E7D3A1629948600FF3B86 /* Response.h */,
				5B9E7D3B1629948600FF3B86 /* Response.m */,
			);
			name = "Mapped JSON Request";
			sourceTree = "<group>";
		};
		5BCF6A241629E7910024C3BC /* Image Request */ = {
			isa = PBXGroup;
			children = (
				5BCF6A261629E7B60024C3BC /* ImageViewController.h */,
				5BCF6A271629E7B60024C3BC /* ImageViewController.m */,
			);
			name = "Image Request";
			sourceTree = "<group>";
		};
		5BD412F21617B0FC007A17AA = {
			isa = PBXGroup;
			children = (
				5BD413071617B0FC007A17AA /* EBTestProject */,
				5BD413001617B0FC007A17AA /* Frameworks */,
				5BD412FE1617B0FC007A17AA /* Products */,
			);
			sourceTree = "<group>";
		};
		5BD412FE1617B0FC007A17AA /* Products */ = {
			isa = PBXGroup;
			children = (
				5BD412FD1617B0FC007A17AA /* EBExampleProject.app */,
			);
			name = Products;
			sourceTree = "<group>";
		};
		5BD413001617B0FC007A17AA /* Frameworks */ = {
			isa = PBXGroup;
			children = (
				5B65B5531617BF7B006B1C01 /* libEBRequest.a */,
				5BD413011617B0FC007A17AA /* UIKit.framework */,
				5BD413031617B0FC007A17AA /* Foundation.framework */,
				5BD413051617B0FC007A17AA /* CoreGraphics.framework */,
			);
			name = Frameworks;
			sourceTree = "<group>";
		};
		5BD413071617B0FC007A17AA /* EBTestProject */ = {
			isa = PBXGroup;
			children = (
				5BD413101617B0FC007A17AA /* AppDelegate.h */,
				5BD413111617B0FC007A17AA /* AppDelegate.m */,
				5BD4131E1617B248007A17AA /* MainViewController.h */,
				5BD4131F1617B248007A17AA /* MainViewController.m */,
				5BD413081617B0FC007A17AA /* Supporting Files */,
				5B65B5591617C2BB006B1C01 /* ResultViewController.h */,
				5B65B55A1617C2BB006B1C01 /* ResultViewController.m */,
				5B9E7D2A16298D8B00FF3B86 /* ResultViewController~ipad.xib */,
				5B65B55B1617C2BB006B1C01 /* ResultViewController~iphone.xib */,
				5B9E7D2F1629909C00FF3B86 /* Standard Request */,
				5B9E7D301629921F00FF3B86 /* Mapped JSON Request */,
				5BCF6A241629E7910024C3BC /* Image Request */,
				5B27AA45162F2B5B00686BD6 /* Multiple Image Request */,
			);
			path = EBTestProject;
			sourceTree = "<group>";
		};
		5BD413081617B0FC007A17AA /* Supporting Files */ = {
			isa = PBXGroup;
			children = (
				5BD413091617B0FC007A17AA /* EBExampleProject-Info.plist */,
				5BD4130A1617B0FC007A17AA /* InfoPlist.strings */,
				5BD4130D1617B0FC007A17AA /* main.m */,
				5BD4130F1617B0FC007A17AA /* EBExampleProject-Prefix.pch */,
				5BD413131617B0FD007A17AA /* Default.png */,
				5BD413151617B0FD007A17AA /* Default@2x.png */,
				5BD413171617B0FD007A17AA /* Default-568h@2x.png */,
			);
			name = "Supporting Files";
			sourceTree = "<group>";
		};
/* End PBXGroup section */

/* Begin PBXNativeTarget section */
		5BD412FC1617B0FC007A17AA /* EBExampleProject */ = {
			isa = PBXNativeTarget;
			buildConfigurationList = 5BD4131B1617B0FD007A17AA /* Build configuration list for PBXNativeTarget "EBExampleProject" */;
			buildPhases = (
				5BD412F91617B0FC007A17AA /* Sources */,
				5BD412FA1617B0FC007A17AA /* Frameworks */,
				5BD412FB1617B0FC007A17AA /* Resources */,
			);
			buildRules = (
			);
			dependencies = (
			);
			name = EBExampleProject;
			productName = EBTestProject;
			productReference = 5BD412FD1617B0FC007A17AA /* EBExampleProject.app */;
			productType = "com.apple.product-type.application";
		};
/* End PBXNativeTarget section */

/* Begin PBXProject section */
		5BD412F41617B0FC007A17AA /* Project object */ = {
			isa = PBXProject;
			attributes = {
				LastUpgradeCheck = 0450;
				ORGANIZATIONNAME = Esteban;
			};
			buildConfigurationList = 5BD412F71617B0FC007A17AA /* Build configuration list for PBXProject "EBExampleProject" */;
			compatibilityVersion = "Xcode 3.2";
			developmentRegion = English;
			hasScannedForEncodings = 0;
			knownRegions = (
				en,
			);
			mainGroup = 5BD412F21617B0FC007A17AA;
			productRefGroup = 5BD412FE1617B0FC007A17AA /* Products */;
			projectDirPath = "";
			projectRoot = "";
			targets = (
				5BD412FC1617B0FC007A17AA /* EBExampleProject */,
			);
		};
/* End PBXProject section */

/* Begin PBXResourcesBuildPhase section */
		5BD412FB1617B0FC007A17AA /* Resources */ = {
			isa = PBXResourcesBuildPhase;
			buildActionMask = 2147483647;
			files = (
				5BD4130C1617B0FC007A17AA /* InfoPlist.strings in Resources */,
				5BD413141617B0FD007A17AA /* Default.png in Resources */,
				5BD413161617B0FD007A17AA /* Default@2x.png in Resources */,
				5BD413181617B0FD007A17AA /* Default-568h@2x.png in Resources */,
				5B65B55D1617C2BB006B1C01 /* ResultViewController~iphone.xib in Resources */,
				5B9E7D2B16298D8B00FF3B86 /* ResultViewController~ipad.xib in Resources */,
			);
			runOnlyForDeploymentPostprocessing = 0;
		};
/* End PBXResourcesBuildPhase section */

/* Begin PBXSourcesBuildPhase section */
		5BD412F91617B0FC007A17AA /* Sources */ = {
			isa = PBXSourcesBuildPhase;
			buildActionMask = 2147483647;
			files = (
				5BD4130E1617B0FC007A17AA /* main.m in Sources */,
				5BD413121617B0FC007A17AA /* AppDelegate.m in Sources */,
				5BD413201617B248007A17AA /* MainViewController.m in Sources */,
				5B65B55C1617C2BB006B1C01 /* ResultViewController.m in Sources */,
				5B9E7D2E16298FFE00FF3B86 /* StandardRequestViewController.m in Sources */,
				5B9E7D331629923F00FF3B86 /* MappedJSONViewController.m in Sources */,
				5B9E7D36162993E800FF3B86 /* ResponseData.m in Sources */,
				5B9E7D39162993FB00FF3B86 /* Entry.m in Sources */,
				5B9E7D3C1629948600FF3B86 /* Response.m in Sources */,
				5BCF6A281629E7B60024C3BC /* ImageViewController.m in Sources */,
				5B27AA4C162F2C2800686BD6 /* MultipleImageViewController.m in Sources */,
				5B27AA53162F32BF00686BD6 /* ImageEntry.m in Sources */,
				5B27AA54162F32BF00686BD6 /* ImageResponse.m in Sources */,
				5B27AA55162F32BF00686BD6 /* ImageResponseData.m in Sources */,
			);
			runOnlyForDeploymentPostprocessing = 0;
		};
/* End PBXSourcesBuildPhase section */

/* Begin PBXVariantGroup section */
		5BD4130A1617B0FC007A17AA /* InfoPlist.strings */ = {
			isa = PBXVariantGroup;
			children = (
				5BD4130B1617B0FC007A17AA /* en */,
			);
			name = InfoPlist.strings;
			sourceTree = "<group>";
		};
/* End PBXVariantGroup section */

/* Begin XCBuildConfiguration section */
		5BD413191617B0FD007A17AA /* Debug */ = {
			isa = XCBuildConfiguration;
			buildSettings = {
				ALWAYS_SEARCH_USER_PATHS = NO;
				CLANG_CXX_LANGUAGE_STANDARD = "gnu++0x";
				CLANG_CXX_LIBRARY = "libc++";
				CLANG_ENABLE_OBJC_ARC = YES;
				CLANG_WARN_EMPTY_BODY = YES;
				CLANG_WARN__DUPLICATE_METHOD_MATCH = YES;
				"CODE_SIGN_IDENTITY[sdk=iphoneos*]" = "iPhone Developer";
				COPY_PHASE_STRIP = NO;
				GCC_C_LANGUAGE_STANDARD = gnu99;
				GCC_DYNAMIC_NO_PIC = NO;
				GCC_OPTIMIZATION_LEVEL = 0;
				GCC_PREPROCESSOR_DEFINITIONS = (
					"DEBUG=1",
					"$(inherited)",
				);
				GCC_SYMBOLS_PRIVATE_EXTERN = NO;
				GCC_WARN_ABOUT_RETURN_TYPE = YES;
				GCC_WARN_UNINITIALIZED_AUTOS = YES;
				GCC_WARN_UNUSED_VARIABLE = YES;
				IPHONEOS_DEPLOYMENT_TARGET = 6.0;
				SDKROOT = iphoneos;
			};
			name = Debug;
		};
		5BD4131A1617B0FD007A17AA /* Release */ = {
			isa = XCBuildConfiguration;
			buildSettings = {
				ALWAYS_SEARCH_USER_PATHS = NO;
				CLANG_CXX_LANGUAGE_STANDARD = "gnu++0x";
				CLANG_CXX_LIBRARY = "libc++";
				CLANG_ENABLE_OBJC_ARC = YES;
				CLANG_WARN_EMPTY_BODY = YES;
				CLANG_WARN__DUPLICATE_METHOD_MATCH = YES;
				"CODE_SIGN_IDENTITY[sdk=iphoneos*]" = "iPhone Developer";
				COPY_PHASE_STRIP = YES;
				GCC_C_LANGUAGE_STANDARD = gnu99;
				GCC_WARN_ABOUT_RETURN_TYPE = YES;
				GCC_WARN_UNINITIALIZED_AUTOS = YES;
				GCC_WARN_UNUSED_VARIABLE = YES;
				IPHONEOS_DEPLOYMENT_TARGET = 6.0;
				OTHER_CFLAGS = "-DNS_BLOCK_ASSERTIONS=1";
				SDKROOT = iphoneos;
				VALIDATE_PRODUCT = YES;
			};
			name = Release;
		};
		5BD4131C1617B0FD007A17AA /* Debug */ = {
			isa = XCBuildConfiguration;
			buildSettings = {
				GCC_PRECOMPILE_PREFIX_HEADER = YES;
				GCC_PREFIX_HEADER = "EBTestProject/EBExampleProject-Prefix.pch";
				HEADER_SEARCH_PATHS = "$(PROJECT_DIR)/../build/$(CONFIGURATION)$(EFFECTIVE_PLATFORM_NAME)/include";
				INFOPLIST_FILE = "EBTestProject/EBExampleProject-Info.plist";
				IPHONEOS_DEPLOYMENT_TARGET = 5.0;
				LIBRARY_SEARCH_PATHS = (
					"$(PROJECT_DIR)/../build/$(CONFIGURATION)$(EFFECTIVE_PLATFORM_NAME)",
					"\"$(SRCROOT)/../build/Debug-iphonesimulator\"",
				);
				OTHER_LDFLAGS = (
					"-ObjC",
					"-all_load",
				);
				PRODUCT_NAME = EBExampleProject;
				TARGETED_DEVICE_FAMILY = "1,2";
				WRAPPER_EXTENSION = app;
			};
			name = Debug;
		};
		5BD4131D1617B0FD007A17AA /* Release */ = {
			isa = XCBuildConfiguration;
			buildSettings = {
				GCC_PRECOMPILE_PREFIX_HEADER = YES;
				GCC_PREFIX_HEADER = "EBTestProject/EBExampleProject-Prefix.pch";
				HEADER_SEARCH_PATHS = "$(PROJECT_DIR)/../build/$(CONFIGURATION)$(EFFECTIVE_PLATFORM_NAME)/include";
				INFOPLIST_FILE = "EBTestProject/EBExampleProject-Info.plist";
				IPHONEOS_DEPLOYMENT_TARGET = 5.0;
				LIBRARY_SEARCH_PATHS = (
					"$(PROJECT_DIR)/../build/$(CONFIGURATION)$(EFFECTIVE_PLATFORM_NAME)",
					"\"$(SRCROOT)/../build/Debug-iphonesimulator\"",
				);
				OTHER_LDFLAGS = (
					"-ObjC",
					"-all_load",
				);
				PRODUCT_NAME = EBExampleProject;
				TARGETED_DEVICE_FAMILY = "1,2";
				WRAPPER_EXTENSION = app;
			};
			name = Release;
		};
/* End XCBuildConfiguration section */

/* Begin XCConfigurationList section */
		5BD412F71617B0FC007A17AA /* Build configuration list for PBXProject "EBExampleProject" */ = {
			isa = XCConfigurationList;
			buildConfigurations = (
				5BD413191617B0FD007A17AA /* Debug */,
				5BD4131A1617B0FD007A17AA /* Release */,
			);
			defaultConfigurationIsVisible = 0;
			defaultConfigurationName = Release;
		};
		5BD4131B1617B0FD007A17AA /* Build configuration list for PBXNativeTarget "EBExampleProject" */ = {
			isa = XCConfigurationList;
			buildConfigurations = (
				5BD4131C1617B0FD007A17AA /* Debug */,
				5BD4131D1617B0FD007A17AA /* Release */,
			);
			defaultConfigurationIsVisible = 0;
			defaultConfigurationName = Release;
		};
/* End XCConfigurationList section */
	};
	rootObject = 5BD412F41617B0FC007A17AA /* Project object */;
}
